
Microsoft Visual Studio Solution File, Format Version 12.00
# Visual Studio Version 17
VisualStudioVersion = 17.2.32516.85
MinimumVisualStudioVersion = 10.0.40219.1
Project("{9A19103F-16F7-4668-BE54-9A1E7A4F7556}") = "DarkMusicConcepts", "src\DarkMusicConcepts\DarkMusicConcepts.csproj", "{ABEB6E2E-4285-4DF6-A81D-ADCA9D75374E}"
EndProject
Project("{9A19103F-16F7-4668-BE54-9A1E7A4F7556}") = "SampleConsoleApp", "sample\SampleConsoleApp\SampleConsoleApp.csproj", "{0737341F-ED4F-4B3A-92A0-D0A496ABF2BA}"
EndProject
Project("{9A19103F-16F7-4668-BE54-9A1E7A4F7556}") = "DarkMusicConcepts.Tests", "tests\DarkMusicConcepts.Tests\DarkMusicConcepts.Tests.csproj", "{6E6D0B94-A541-46F7-9361-4E67827D0643}"
EndProject
Project("{2150E333-8FDC-42A3-9474-1A3956D46DE8}") = "Solution Items", "Solution Items", "{12D1EC6F-158D-43AA-ACAB-B5105F41B759}"
	ProjectSection(SolutionItems) = preProject
		README.md = README.md
	EndProjectSection
EndProject
Project("{9A19103F-16F7-4668-BE54-9A1E7A4F7556}") = "DarkMusicConcepts.Units", "src\DarkMusicConcepts.Units\DarkMusicConcepts.Units.csproj", "{B5F287C9-8BCF-4756-8250-343289964A9F}"
EndProject
Project("{2150E333-8FDC-42A3-9474-1A3956D46DE8}") = "src", "src", "{C7D3DCC6-1D61-47C5-ABAE-A9196A3989AE}"
EndProject
Project("{2150E333-8FDC-42A3-9474-1A3956D46DE8}") = "tests", "tests", "{ED34997C-B90F-4578-B70F-8C32AC40D67B}"
EndProject
Project("{2150E333-8FDC-42A3-9474-1A3956D46DE8}") = "sample", "sample", "{0D3D7089-3F5E-4EFB-8124-7488F8CACAD1}"
EndProject
Project("{9A19103F-16F7-4668-BE54-9A1E7A4F7556}") = "TheoryPlayground", "sample\TheoryPlayground\TheoryPlayground.csproj", "{C620512E-19E8-4E83-AE62-7A01A25C57F1}"
EndProject
Project("{FAE04EC0-301F-11D3-BF4B-00C04F79EFBC}") = "DarkMusicConcepts.NewNoteNaming", "src\DarkMusicConcepts.NewNoteNaming\DarkMusicConcepts.NewNoteNaming.csproj", "{94DFB2AD-C7EF-4ADC-BACE-EB629ED8D825}"
EndProject
Global
	GlobalSection(SolutionConfigurationPlatforms) = preSolution
		Debug|Any CPU = Debug|Any CPU
		Release|Any CPU = Release|Any CPU
	EndGlobalSection
	GlobalSection(ProjectConfigurationPlatforms) = postSolution
		{ABEB6E2E-4285-4DF6-A81D-ADCA9D75374E}.Debug|Any CPU.ActiveCfg = Debug|Any CPU
		{ABEB6E2E-4285-4DF6-A81D-ADCA9D75374E}.Debug|Any CPU.Build.0 = Debug|Any CPU
		{ABEB6E2E-4285-4DF6-A81D-ADCA9D75374E}.Release|Any CPU.ActiveCfg = Release|Any CPU
		{ABEB6E2E-4285-4DF6-A81D-ADCA9D75374E}.Release|Any CPU.Build.0 = Release|Any CPU
		{0737341F-ED4F-4B3A-92A0-D0A496ABF2BA}.Debug|Any CPU.ActiveCfg = Debug|Any CPU
		{0737341F-ED4F-4B3A-92A0-D0A496ABF2BA}.Debug|Any CPU.Build.0 = Debug|Any CPU
		{0737341F-ED4F-4B3A-92A0-D0A496ABF2BA}.Release|Any CPU.ActiveCfg = Release|Any CPU
		{0737341F-ED4F-4B3A-92A0-D0A496ABF2BA}.Release|Any CPU.Build.0 = Release|Any CPU
		{6E6D0B94-A541-46F7-9361-4E67827D0643}.Debug|Any CPU.ActiveCfg = Debug|Any CPU
		{6E6D0B94-A541-46F7-9361-4E67827D0643}.Debug|Any CPU.Build.0 = Debug|Any CPU
		{6E6D0B94-A541-46F7-9361-4E67827D0643}.Release|Any CPU.ActiveCfg = Release|Any CPU
		{6E6D0B94-A541-46F7-9361-4E67827D0643}.Release|Any CPU.Build.0 = Release|Any CPU
		{B5F287C9-8BCF-4756-8250-343289964A9F}.Debug|Any CPU.ActiveCfg = Debug|Any CPU
		{B5F287C9-8BCF-4756-8250-343289964A9F}.Debug|Any CPU.Build.0 = Debug|Any CPU
		{B5F287C9-8BCF-4756-8250-343289964A9F}.Release|Any CPU.ActiveCfg = Release|Any CPU
		{B5F287C9-8BCF-4756-8250-343289964A9F}.Release|Any CPU.Build.0 = Release|Any CPU
		{C620512E-19E8-4E83-AE62-7A01A25C57F1}.Debug|Any CPU.ActiveCfg = Debug|Any CPU
		{C620512E-19E8-4E83-AE62-7A01A25C57F1}.Debug|Any CPU.Build.0 = Debug|Any CPU
		{C620512E-19E8-4E83-AE62-7A01A25C57F1}.Release|Any CPU.ActiveCfg = Release|Any CPU
		{C620512E-19E8-4E83-AE62-7A01A25C57F1}.Release|Any CPU.Build.0 = Release|Any CPU
		{94DFB2AD-C7EF-4ADC-BACE-EB629ED8D825}.Debug|Any CPU.ActiveCfg = Debug|Any CPU
		{94DFB2AD-C7EF-4ADC-BACE-EB629ED8D825}.Debug|Any CPU.Build.0 = Debug|Any CPU
		{94DFB2AD-C7EF-4ADC-BACE-EB629ED8D825}.Release|Any CPU.ActiveCfg = Release|Any CPU
		{94DFB2AD-C7EF-4ADC-BACE-EB629ED8D825}.Release|Any CPU.Build.0 = Release|Any CPU
	EndGlobalSection
	GlobalSection(SolutionProperties) = preSolution
		HideSolutionNode = FALSE
	EndGlobalSection
	GlobalSection(NestedProjects) = preSolution
		{ABEB6E2E-4285-4DF6-A81D-ADCA9D75374E} = {C7D3DCC6-1D61-47C5-ABAE-A9196A3989AE}
		{0737341F-ED4F-4B3A-92A0-D0A496ABF2BA} = {0D3D7089-3F5E-4EFB-8124-7488F8CACAD1}
		{6E6D0B94-A541-46F7-9361-4E67827D0643} = {ED34997C-B90F-4578-B70F-8C32AC40D67B}
		{B5F287C9-8BCF-4756-8250-343289964A9F} = {C7D3DCC6-1D61-47C5-ABAE-A9196A3989AE}
		{C620512E-19E8-4E83-AE62-7A01A25C57F1} = {0D3D7089-3F5E-4EFB-8124-7488F8CACAD1}
		{94DFB2AD-C7EF-4ADC-BACE-EB629ED8D825} = {C7D3DCC6-1D61-47C5-ABAE-A9196A3989AE}
	EndGlobalSection
	GlobalSection(ExtensibilityGlobals) = postSolution
		SolutionGuid = {80F22427-1181-49C6-A8DA-04A8C884F72C}
	EndGlobalSection
EndGlobal
